version = 1
revision = 3
requires-python = "==3.12.11"

[[package]]
name = "click"
version = "8.2.1"
source = { registry = "https://pypi.org/simple" }
dependencies = [
    { name = "colorama", marker = "sys_platform == 'win32'" },
]
sdist = { url = "https://files.pythonhosted.org/packages/60/6c/8ca2efa64cf75a977a0d7fac081354553ebe483345c734fb6b6515d96bbc/click-8.2.1.tar.gz", hash = "sha256:27c491cc05d968d271d5a1db13e3b5a184636d9d930f148c50b038f0d0646202", size = 286342, upload-time = "2025-05-20T23:19:49.832Z" }
wheels = [
    { url = "https://files.pythonhosted.org/packages/85/32/10bb5764d90a8eee674e9dc6f4db6a0ab47c8c4d0d83c27f7c39ac415a4d/click-8.2.1-py3-none-any.whl", hash = "sha256:61a3265b914e850b85317d0b3109c7f8cd35a670f963866005d6ef1d5175a12b", size = 102215, upload-time = "2025-05-20T23:19:47.796Z" },
]

[[package]]
name = "colorama"
version = "0.4.6"
source = { registry = "https://pypi.org/simple" }
sdist = { url = "https://files.pythonhosted.org/packages/d8/53/6f443c9a4a8358a93a6792e2acffb9d9d5cb0a5cfd8802644b7b1c9a02e4/colorama-0.4.6.tar.gz", hash = "sha256:08695f5cb7ed6e0531a20572697297273c47b8cae5a63ffc6d6ed5c201be6e44", size = 27697, upload-time = "2022-10-25T02:36:22.414Z" }
wheels = [
    { url = "https://files.pythonhosted.org/packages/d1/d6/3965ed04c63042e047cb6a3e6ed1a63a35087b6a609aa3a15ed8ac56c221/colorama-0.4.6-py2.py3-none-any.whl", hash = "sha256:4f1d9991f5acc0ca119f9d443620b77f9d6b33703e51011c16baf57afb285fc6", size = 25335, upload-time = "2022-10-25T02:36:20.889Z" },
]

[[package]]
name = "greenlet"
version = "3.2.4"
source = { registry = "https://pypi.org/simple" }
sdist = { url = "https://files.pythonhosted.org/packages/03/b8/704d753a5a45507a7aab61f18db9509302ed3d0a27ac7e0359ec2905b1a6/greenlet-3.2.4.tar.gz", hash = "sha256:0dca0d95ff849f9a364385f36ab49f50065d76964944638be9691e1832e9f86d", size = 188260, upload-time = "2025-08-07T13:24:33.51Z" }
wheels = [
    { url = "https://files.pythonhosted.org/packages/44/69/9b804adb5fd0671f367781560eb5eb586c4d495277c93bde4307b9e28068/greenlet-3.2.4-cp312-cp312-macosx_11_0_universal2.whl", hash = "sha256:3b67ca49f54cede0186854a008109d6ee71f66bd57bb36abd6d0a0267b540cdd", size = 274079, upload-time = "2025-08-07T13:15:45.033Z" },
    { url = "https://files.pythonhosted.org/packages/46/e9/d2a80c99f19a153eff70bc451ab78615583b8dac0754cfb942223d2c1a0d/greenlet-3.2.4-cp312-cp312-manylinux2014_aarch64.manylinux_2_17_aarch64.whl", hash = "sha256:ddf9164e7a5b08e9d22511526865780a576f19ddd00d62f8a665949327fde8bb", size = 640997, upload-time = "2025-08-07T13:42:56.234Z" },
    { url = "https://files.pythonhosted.org/packages/3b/16/035dcfcc48715ccd345f3a93183267167cdd162ad123cd93067d86f27ce4/greenlet-3.2.4-cp312-cp312-manylinux2014_ppc64le.manylinux_2_17_ppc64le.whl", hash = "sha256:f28588772bb5fb869a8eb331374ec06f24a83a9c25bfa1f38b6993afe9c1e968", size = 655185, upload-time = "2025-08-07T13:45:27.624Z" },
    { url = "https://files.pythonhosted.org/packages/31/da/0386695eef69ffae1ad726881571dfe28b41970173947e7c558d9998de0f/greenlet-3.2.4-cp312-cp312-manylinux2014_s390x.manylinux_2_17_s390x.whl", hash = "sha256:5c9320971821a7cb77cfab8d956fa8e39cd07ca44b6070db358ceb7f8797c8c9", size = 649926, upload-time = "2025-08-07T13:53:15.251Z" },
    { url = "https://files.pythonhosted.org/packages/68/88/69bf19fd4dc19981928ceacbc5fd4bb6bc2215d53199e367832e98d1d8fe/greenlet-3.2.4-cp312-cp312-manylinux2014_x86_64.manylinux_2_17_x86_64.whl", hash = "sha256:c60a6d84229b271d44b70fb6e5fa23781abb5d742af7b808ae3f6efd7c9c60f6", size = 651839, upload-time = "2025-08-07T13:18:30.281Z" },
    { url = "https://files.pythonhosted.org/packages/19/0d/6660d55f7373b2ff8152401a83e02084956da23ae58cddbfb0b330978fe9/greenlet-3.2.4-cp312-cp312-manylinux_2_24_x86_64.manylinux_2_28_x86_64.whl", hash = "sha256:3b3812d8d0c9579967815af437d96623f45c0f2ae5f04e366de62a12d83a8fb0", size = 607586, upload-time = "2025-08-07T13:18:28.544Z" },
    { url = "https://files.pythonhosted.org/packages/8e/1a/c953fdedd22d81ee4629afbb38d2f9d71e37d23caace44775a3a969147d4/greenlet-3.2.4-cp312-cp312-musllinux_1_1_aarch64.whl", hash = "sha256:abbf57b5a870d30c4675928c37278493044d7c14378350b3aa5d484fa65575f0", size = 1123281, upload-time = "2025-08-07T13:42:39.858Z" },
    { url = "https://files.pythonhosted.org/packages/3f/c7/12381b18e21aef2c6bd3a636da1088b888b97b7a0362fac2e4de92405f97/greenlet-3.2.4-cp312-cp312-musllinux_1_1_x86_64.whl", hash = "sha256:20fb936b4652b6e307b8f347665e2c615540d4b42b3b4c8a321d8286da7e520f", size = 1151142, upload-time = "2025-08-07T13:18:22.981Z" },
    { url = "https://files.pythonhosted.org/packages/e9/08/b0814846b79399e585f974bbeebf5580fbe59e258ea7be64d9dfb253c84f/greenlet-3.2.4-cp312-cp312-win_amd64.whl", hash = "sha256:a7d4e128405eea3814a12cc2605e0e6aedb4035bf32697f72deca74de4105e02", size = 299899, upload-time = "2025-08-07T13:38:53.448Z" },
]

[[package]]
name = "joblib"
version = "1.5.1"
source = { registry = "https://pypi.org/simple" }
sdist = { url = "https://files.pythonhosted.org/packages/dc/fe/0f5a938c54105553436dbff7a61dc4fed4b1b2c98852f8833beaf4d5968f/joblib-1.5.1.tar.gz", hash = "sha256:f4f86e351f39fe3d0d32a9f2c3d8af1ee4cec285aafcb27003dda5205576b444", size = 330475, upload-time = "2025-05-23T12:04:37.097Z" }
wheels = [
    { url = "https://files.pythonhosted.org/packages/7d/4f/1195bbac8e0c2acc5f740661631d8d750dc38d4a32b23ee5df3cde6f4e0d/joblib-1.5.1-py3-none-any.whl", hash = "sha256:4719a31f054c7d766948dcd83e9613686b27114f190f717cec7eaa2084f8a74a", size = 307746, upload-time = "2025-05-23T12:04:35.124Z" },
]

[[package]]
name = "marketing-analytics"
version = "0.1.0"
source = { virtual = "." }
dependencies = [
    { name = "nltk" },
    { name = "pandas" },
    { name = "pyodbc" },
    { name = "sqlalchemy" },
]

[package.metadata]
requires-dist = [
    { name = "nltk", specifier = "==3.9.1" },
    { name = "pandas", specifier = "==2.2.3" },
    { name = "pyodbc", specifier = "==5.2.0" },
    { name = "sqlalchemy", specifier = "==2.0.37" },
]

[[package]]
name = "nltk"
version = "3.9.1"
source = { registry = "https://pypi.org/simple" }
dependencies = [
    { name = "click" },
    { name = "joblib" },
    { name = "regex" },
    { name = "tqdm" },
]
sdist = { url = "https://files.pythonhosted.org/packages/3c/87/db8be88ad32c2d042420b6fd9ffd4a149f9a0d7f0e86b3f543be2eeeedd2/nltk-3.9.1.tar.gz", hash = "sha256:87d127bd3de4bd89a4f81265e5fa59cb1b199b27440175370f7417d2bc7ae868", size = 2904691, upload-time = "2024-08-18T19:48:37.769Z" }
wheels = [
    { url = "https://files.pythonhosted.org/packages/4d/66/7d9e26593edda06e8cb531874633f7c2372279c3b0f46235539fe546df8b/nltk-3.9.1-py3-none-any.whl", hash = "sha256:4fa26829c5b00715afe3061398a8989dc643b92ce7dd93fb4585a70930d168a1", size = 1505442, upload-time = "2024-08-18T19:48:21.909Z" },
]

[[package]]
name = "numpy"
version = "2.3.2"
source = { registry = "https://pypi.org/simple" }
sdist = { url = "https://files.pythonhosted.org/packages/37/7d/3fec4199c5ffb892bed55cff901e4f39a58c81df9c44c280499e92cad264/numpy-2.3.2.tar.gz", hash = "sha256:e0486a11ec30cdecb53f184d496d1c6a20786c81e55e41640270130056f8ee48", size = 20489306, upload-time = "2025-07-24T21:32:07.553Z" }
wheels = [
    { url = "https://files.pythonhosted.org/packages/00/6d/745dd1c1c5c284d17725e5c802ca4d45cfc6803519d777f087b71c9f4069/numpy-2.3.2-cp312-cp312-macosx_10_13_x86_64.whl", hash = "sha256:bc3186bea41fae9d8e90c2b4fb5f0a1f5a690682da79b92574d63f56b529080b", size = 20956420, upload-time = "2025-07-24T20:28:18.002Z" },
    { url = "https://files.pythonhosted.org/packages/bc/96/e7b533ea5740641dd62b07a790af5d9d8fec36000b8e2d0472bd7574105f/numpy-2.3.2-cp312-cp312-macosx_11_0_arm64.whl", hash = "sha256:2f4f0215edb189048a3c03bd5b19345bdfa7b45a7a6f72ae5945d2a28272727f", size = 14184660, upload-time = "2025-07-24T20:28:39.522Z" },
    { url = "https://files.pythonhosted.org/packages/2b/53/102c6122db45a62aa20d1b18c9986f67e6b97e0d6fbc1ae13e3e4c84430c/numpy-2.3.2-cp312-cp312-macosx_14_0_arm64.whl", hash = "sha256:8b1224a734cd509f70816455c3cffe13a4f599b1bf7130f913ba0e2c0b2006c0", size = 5113382, upload-time = "2025-07-24T20:28:48.544Z" },
    { url = "https://files.pythonhosted.org/packages/2b/21/376257efcbf63e624250717e82b4fae93d60178f09eb03ed766dbb48ec9c/numpy-2.3.2-cp312-cp312-macosx_14_0_x86_64.whl", hash = "sha256:3dcf02866b977a38ba3ec10215220609ab9667378a9e2150615673f3ffd6c73b", size = 6647258, upload-time = "2025-07-24T20:28:59.104Z" },
    { url = "https://files.pythonhosted.org/packages/91/ba/f4ebf257f08affa464fe6036e13f2bf9d4642a40228781dc1235da81be9f/numpy-2.3.2-cp312-cp312-manylinux_2_27_aarch64.manylinux_2_28_aarch64.whl", hash = "sha256:572d5512df5470f50ada8d1972c5f1082d9a0b7aa5944db8084077570cf98370", size = 14281409, upload-time = "2025-07-24T20:40:30.298Z" },
    { url = "https://files.pythonhosted.org/packages/59/ef/f96536f1df42c668cbacb727a8c6da7afc9c05ece6d558927fb1722693e1/numpy-2.3.2-cp312-cp312-manylinux_2_27_x86_64.manylinux_2_28_x86_64.whl", hash = "sha256:8145dd6d10df13c559d1e4314df29695613575183fa2e2d11fac4c208c8a1f73", size = 16641317, upload-time = "2025-07-24T20:40:56.625Z" },
    { url = "https://files.pythonhosted.org/packages/f6/a7/af813a7b4f9a42f498dde8a4c6fcbff8100eed00182cc91dbaf095645f38/numpy-2.3.2-cp312-cp312-musllinux_1_2_aarch64.whl", hash = "sha256:103ea7063fa624af04a791c39f97070bf93b96d7af7eb23530cd087dc8dbe9dc", size = 16056262, upload-time = "2025-07-24T20:41:20.797Z" },
    { url = "https://files.pythonhosted.org/packages/8b/5d/41c4ef8404caaa7f05ed1cfb06afe16a25895260eacbd29b4d84dff2920b/numpy-2.3.2-cp312-cp312-musllinux_1_2_x86_64.whl", hash = "sha256:fc927d7f289d14f5e037be917539620603294454130b6de200091e23d27dc9be", size = 18579342, upload-time = "2025-07-24T20:41:50.753Z" },
    { url = "https://files.pythonhosted.org/packages/a1/4f/9950e44c5a11636f4a3af6e825ec23003475cc9a466edb7a759ed3ea63bd/numpy-2.3.2-cp312-cp312-win32.whl", hash = "sha256:d95f59afe7f808c103be692175008bab926b59309ade3e6d25009e9a171f7036", size = 6320610, upload-time = "2025-07-24T20:42:01.551Z" },
    { url = "https://files.pythonhosted.org/packages/7c/2f/244643a5ce54a94f0a9a2ab578189c061e4a87c002e037b0829dd77293b6/numpy-2.3.2-cp312-cp312-win_amd64.whl", hash = "sha256:9e196ade2400c0c737d93465327d1ae7c06c7cb8a1756121ebf54b06ca183c7f", size = 12786292, upload-time = "2025-07-24T20:42:20.738Z" },
    { url = "https://files.pythonhosted.org/packages/54/cd/7b5f49d5d78db7badab22d8323c1b6ae458fbf86c4fdfa194ab3cd4eb39b/numpy-2.3.2-cp312-cp312-win_arm64.whl", hash = "sha256:ee807923782faaf60d0d7331f5e86da7d5e3079e28b291973c545476c2b00d07", size = 10194071, upload-time = "2025-07-24T20:42:36.657Z" },
]

[[package]]
name = "pandas"
version = "2.2.3"
source = { registry = "https://pypi.org/simple" }
dependencies = [
    { name = "numpy" },
    { name = "python-dateutil" },
    { name = "pytz" },
    { name = "tzdata" },
]
sdist = { url = "https://files.pythonhosted.org/packages/9c/d6/9f8431bacc2e19dca897724cd097b1bb224a6ad5433784a44b587c7c13af/pandas-2.2.3.tar.gz", hash = "sha256:4f18ba62b61d7e192368b84517265a99b4d7ee8912f8708660fb4a366cc82667", size = 4399213, upload-time = "2024-09-20T13:10:04.827Z" }
wheels = [
    { url = "https://files.pythonhosted.org/packages/17/a3/fb2734118db0af37ea7433f57f722c0a56687e14b14690edff0cdb4b7e58/pandas-2.2.3-cp312-cp312-macosx_10_9_x86_64.whl", hash = "sha256:b1d432e8d08679a40e2a6d8b2f9770a5c21793a6f9f47fdd52c5ce1948a5a8a9", size = 12529893, upload-time = "2024-09-20T13:09:09.655Z" },
    { url = "https://files.pythonhosted.org/packages/e1/0c/ad295fd74bfac85358fd579e271cded3ac969de81f62dd0142c426b9da91/pandas-2.2.3-cp312-cp312-macosx_11_0_arm64.whl", hash = "sha256:a5a1595fe639f5988ba6a8e5bc9649af3baf26df3998a0abe56c02609392e0a4", size = 11363475, upload-time = "2024-09-20T13:09:14.718Z" },
    { url = "https://files.pythonhosted.org/packages/c6/2a/4bba3f03f7d07207481fed47f5b35f556c7441acddc368ec43d6643c5777/pandas-2.2.3-cp312-cp312-manylinux2014_aarch64.manylinux_2_17_aarch64.whl", hash = "sha256:5de54125a92bb4d1c051c0659e6fcb75256bf799a732a87184e5ea503965bce3", size = 15188645, upload-time = "2024-09-20T19:02:03.88Z" },
    { url = "https://files.pythonhosted.org/packages/38/f8/d8fddee9ed0d0c0f4a2132c1dfcf0e3e53265055da8df952a53e7eaf178c/pandas-2.2.3-cp312-cp312-manylinux_2_17_x86_64.manylinux2014_x86_64.whl", hash = "sha256:fffb8ae78d8af97f849404f21411c95062db1496aeb3e56f146f0355c9989319", size = 12739445, upload-time = "2024-09-20T13:09:17.621Z" },
    { url = "https://files.pythonhosted.org/packages/20/e8/45a05d9c39d2cea61ab175dbe6a2de1d05b679e8de2011da4ee190d7e748/pandas-2.2.3-cp312-cp312-musllinux_1_2_aarch64.whl", hash = "sha256:6dfcb5ee8d4d50c06a51c2fffa6cff6272098ad6540aed1a76d15fb9318194d8", size = 16359235, upload-time = "2024-09-20T19:02:07.094Z" },
    { url = "https://files.pythonhosted.org/packages/1d/99/617d07a6a5e429ff90c90da64d428516605a1ec7d7bea494235e1c3882de/pandas-2.2.3-cp312-cp312-musllinux_1_2_x86_64.whl", hash = "sha256:062309c1b9ea12a50e8ce661145c6aab431b1e99530d3cd60640e255778bd43a", size = 14056756, upload-time = "2024-09-20T13:09:20.474Z" },
    { url = "https://files.pythonhosted.org/packages/29/d4/1244ab8edf173a10fd601f7e13b9566c1b525c4f365d6bee918e68381889/pandas-2.2.3-cp312-cp312-win_amd64.whl", hash = "sha256:59ef3764d0fe818125a5097d2ae867ca3fa64df032331b7e0917cf5d7bf66b13", size = 11504248, upload-time = "2024-09-20T13:09:23.137Z" },
]

[[package]]
name = "pyodbc"
version = "5.2.0"
source = { registry = "https://pypi.org/simple" }
sdist = { url = "https://files.pythonhosted.org/packages/a0/36/a1ac7d23a1611e7ccd4d27df096f3794e8d1e7faa040260d9d41b6fc3185/pyodbc-5.2.0.tar.gz", hash = "sha256:de8be39809c8ddeeee26a4b876a6463529cd487a60d1393eb2a93e9bcd44a8f5", size = 116908, upload-time = "2024-10-16T01:40:13.425Z" }
wheels = [
    { url = "https://files.pythonhosted.org/packages/26/26/104525b728fedfababd3143426b9d0008c70f0d604a3bf5d4773977d83f4/pyodbc-5.2.0-cp312-cp312-macosx_10_13_x86_64.whl", hash = "sha256:be43d1ece4f2cf4d430996689d89a1a15aeb3a8da8262527e5ced5aee27e89c3", size = 73014, upload-time = "2024-10-16T01:39:43.332Z" },
    { url = "https://files.pythonhosted.org/packages/4f/7d/bb632488b603bcd2a6753b858e8bc7dd56146dd19bd72003cc09ae6e3fc0/pyodbc-5.2.0-cp312-cp312-macosx_11_0_arm64.whl", hash = "sha256:9f7badd0055221a744d76c11440c0856fd2846ed53b6555cf8f0a8893a3e4b03", size = 72515, upload-time = "2024-10-16T01:39:44.506Z" },
    { url = "https://files.pythonhosted.org/packages/ab/38/a1b9bfe5a7062672268553c2d6ff93676173b0fb4bd583e8c4f74a0e296f/pyodbc-5.2.0-cp312-cp312-manylinux_2_17_aarch64.manylinux2014_aarch64.whl", hash = "sha256:ad633c52f4f4e7691daaa2278d6e6ebb2fe4ae7709e610e22c7dd1a1d620cf8b", size = 348561, upload-time = "2024-10-16T01:39:45.986Z" },
    { url = "https://files.pythonhosted.org/packages/71/82/ddb1c41c682550116f391aa6cab2052910046a30d63014bbe6d09c4958f4/pyodbc-5.2.0-cp312-cp312-manylinux_2_17_x86_64.manylinux2014_x86_64.whl", hash = "sha256:97d086a8f7a302b74c9c2e77bedf954a603b19168af900d4d3a97322e773df63", size = 353962, upload-time = "2024-10-16T01:39:47.254Z" },
    { url = "https://files.pythonhosted.org/packages/e5/29/fec0e739d0c1cab155843ed71d0717f5e1694effe3f28d397168f48bcd92/pyodbc-5.2.0-cp312-cp312-win32.whl", hash = "sha256:0e4412f8e608db2a4be5bcc75f9581f386ed6a427dbcb5eac795049ba6fc205e", size = 63050, upload-time = "2024-10-16T01:39:48.8Z" },
    { url = "https://files.pythonhosted.org/packages/21/7f/3a47e022a97b017ffb73351a1061e4401bcb5aa4fc0162d04f4e5452e4fc/pyodbc-5.2.0-cp312-cp312-win_amd64.whl", hash = "sha256:b1f5686b142759c5b2bdbeaa0692622c2ebb1f10780eb3c174b85f5607fbcf55", size = 69485, upload-time = "2024-10-16T01:39:49.732Z" },
]

[[package]]
name = "python-dateutil"
version = "2.9.0.post0"
source = { registry = "https://pypi.org/simple" }
dependencies = [
    { name = "six" },
]
sdist = { url = "https://files.pythonhosted.org/packages/66/c0/0c8b6ad9f17a802ee498c46e004a0eb49bc148f2fd230864601a86dcf6db/python-dateutil-2.9.0.post0.tar.gz", hash = "sha256:37dd54208da7e1cd875388217d5e00ebd4179249f90fb72437e91a35459a0ad3", size = 342432, upload-time = "2024-03-01T18:36:20.211Z" }
wheels = [
    { url = "https://files.pythonhosted.org/packages/ec/57/56b9bcc3c9c6a792fcbaf139543cee77261f3651ca9da0c93f5c1221264b/python_dateutil-2.9.0.post0-py2.py3-none-any.whl", hash = "sha256:a8b2bc7bffae282281c8140a97d3aa9c14da0b136dfe83f850eea9a5f7470427", size = 229892, upload-time = "2024-03-01T18:36:18.57Z" },
]

[[package]]
name = "pytz"
version = "2025.2"
source = { registry = "https://pypi.org/simple" }
sdist = { url = "https://files.pythonhosted.org/packages/f8/bf/abbd3cdfb8fbc7fb3d4d38d320f2441b1e7cbe29be4f23797b4a2b5d8aac/pytz-2025.2.tar.gz", hash = "sha256:360b9e3dbb49a209c21ad61809c7fb453643e048b38924c765813546746e81c3", size = 320884, upload-time = "2025-03-25T02:25:00.538Z" }
wheels = [
    { url = "https://files.pythonhosted.org/packages/81/c4/34e93fe5f5429d7570ec1fa436f1986fb1f00c3e0f43a589fe2bbcd22c3f/pytz-2025.2-py2.py3-none-any.whl", hash = "sha256:5ddf76296dd8c44c26eb8f4b6f35488f3ccbf6fbbd7adee0b7262d43f0ec2f00", size = 509225, upload-time = "2025-03-25T02:24:58.468Z" },
]

[[package]]
name = "regex"
version = "2025.7.34"
source = { registry = "https://pypi.org/simple" }
sdist = { url = "https://files.pythonhosted.org/packages/0b/de/e13fa6dc61d78b30ba47481f99933a3b49a57779d625c392d8036770a60d/regex-2025.7.34.tar.gz", hash = "sha256:9ead9765217afd04a86822dfcd4ed2747dfe426e887da413b15ff0ac2457e21a", size = 400714, upload-time = "2025-07-31T00:21:16.262Z" }
wheels = [
    { url = "https://files.pythonhosted.org/packages/ff/f0/31d62596c75a33f979317658e8d261574785c6cd8672c06741ce2e2e2070/regex-2025.7.34-cp312-cp312-macosx_10_13_universal2.whl", hash = "sha256:7f7211a746aced993bef487de69307a38c5ddd79257d7be83f7b202cb59ddb50", size = 485492, upload-time = "2025-07-31T00:19:35.57Z" },
    { url = "https://files.pythonhosted.org/packages/d8/16/b818d223f1c9758c3434be89aa1a01aae798e0e0df36c1f143d1963dd1ee/regex-2025.7.34-cp312-cp312-macosx_10_13_x86_64.whl", hash = "sha256:fb31080f2bd0681484b275461b202b5ad182f52c9ec606052020fe13eb13a72f", size = 290000, upload-time = "2025-07-31T00:19:37.175Z" },
    { url = "https://files.pythonhosted.org/packages/cd/70/69506d53397b4bd6954061bae75677ad34deb7f6ca3ba199660d6f728ff5/regex-2025.7.34-cp312-cp312-macosx_11_0_arm64.whl", hash = "sha256:0200a5150c4cf61e407038f4b4d5cdad13e86345dac29ff9dab3d75d905cf130", size = 286072, upload-time = "2025-07-31T00:19:38.612Z" },
    { url = "https://files.pythonhosted.org/packages/b0/73/536a216d5f66084fb577bb0543b5cb7de3272eb70a157f0c3a542f1c2551/regex-2025.7.34-cp312-cp312-manylinux2014_aarch64.manylinux_2_17_aarch64.manylinux_2_28_aarch64.whl", hash = "sha256:739a74970e736df0773788377969c9fea3876c2fc13d0563f98e5503e5185f46", size = 797341, upload-time = "2025-07-31T00:19:40.119Z" },
    { url = "https://files.pythonhosted.org/packages/26/af/733f8168449e56e8f404bb807ea7189f59507cbea1b67a7bbcd92f8bf844/regex-2025.7.34-cp312-cp312-manylinux2014_ppc64le.manylinux_2_17_ppc64le.manylinux_2_28_ppc64le.whl", hash = "sha256:4fef81b2f7ea6a2029161ed6dea9ae13834c28eb5a95b8771828194a026621e4", size = 862556, upload-time = "2025-07-31T00:19:41.556Z" },
    { url = "https://files.pythonhosted.org/packages/19/dd/59c464d58c06c4f7d87de4ab1f590e430821345a40c5d345d449a636d15f/regex-2025.7.34-cp312-cp312-manylinux2014_s390x.manylinux_2_17_s390x.manylinux_2_28_s390x.whl", hash = "sha256:ea74cf81fe61a7e9d77989050d0089a927ab758c29dac4e8e1b6c06fccf3ebf0", size = 910762, upload-time = "2025-07-31T00:19:43Z" },
    { url = "https://files.pythonhosted.org/packages/37/a8/b05ccf33ceca0815a1e253693b2c86544932ebcc0049c16b0fbdf18b688b/regex-2025.7.34-cp312-cp312-manylinux2014_x86_64.manylinux_2_17_x86_64.manylinux_2_28_x86_64.whl", hash = "sha256:e4636a7f3b65a5f340ed9ddf53585c42e3ff37101d383ed321bfe5660481744b", size = 801892, upload-time = "2025-07-31T00:19:44.645Z" },
    { url = "https://files.pythonhosted.org/packages/5f/9a/b993cb2e634cc22810afd1652dba0cae156c40d4864285ff486c73cd1996/regex-2025.7.34-cp312-cp312-musllinux_1_2_aarch64.whl", hash = "sha256:6cef962d7834437fe8d3da6f9bfc6f93f20f218266dcefec0560ed7765f5fe01", size = 786551, upload-time = "2025-07-31T00:19:46.127Z" },
    { url = "https://files.pythonhosted.org/packages/2d/79/7849d67910a0de4e26834b5bb816e028e35473f3d7ae563552ea04f58ca2/regex-2025.7.34-cp312-cp312-musllinux_1_2_ppc64le.whl", hash = "sha256:cbe1698e5b80298dbce8df4d8d1182279fbdaf1044e864cbc9d53c20e4a2be77", size = 856457, upload-time = "2025-07-31T00:19:47.562Z" },
    { url = "https://files.pythonhosted.org/packages/91/c6/de516bc082524b27e45cb4f54e28bd800c01efb26d15646a65b87b13a91e/regex-2025.7.34-cp312-cp312-musllinux_1_2_s390x.whl", hash = "sha256:32b9f9bcf0f605eb094b08e8da72e44badabb63dde6b83bd530580b488d1c6da", size = 848902, upload-time = "2025-07-31T00:19:49.312Z" },
    { url = "https://files.pythonhosted.org/packages/7d/22/519ff8ba15f732db099b126f039586bd372da6cd4efb810d5d66a5daeda1/regex-2025.7.34-cp312-cp312-musllinux_1_2_x86_64.whl", hash = "sha256:524c868ba527eab4e8744a9287809579f54ae8c62fbf07d62aacd89f6026b282", size = 788038, upload-time = "2025-07-31T00:19:50.794Z" },
    { url = "https://files.pythonhosted.org/packages/3f/7d/aabb467d8f57d8149895d133c88eb809a1a6a0fe262c1d508eb9dfabb6f9/regex-2025.7.34-cp312-cp312-win32.whl", hash = "sha256:d600e58ee6d036081c89696d2bdd55d507498a7180df2e19945c6642fac59588", size = 264417, upload-time = "2025-07-31T00:19:52.292Z" },
    { url = "https://files.pythonhosted.org/packages/3b/39/bd922b55a4fc5ad5c13753274e5b536f5b06ec8eb9747675668491c7ab7a/regex-2025.7.34-cp312-cp312-win_amd64.whl", hash = "sha256:9a9ab52a466a9b4b91564437b36417b76033e8778e5af8f36be835d8cb370d62", size = 275387, upload-time = "2025-07-31T00:19:53.593Z" },
    { url = "https://files.pythonhosted.org/packages/f7/3c/c61d2fdcecb754a40475a3d1ef9a000911d3e3fc75c096acf44b0dfb786a/regex-2025.7.34-cp312-cp312-win_arm64.whl", hash = "sha256:c83aec91af9c6fbf7c743274fd952272403ad9a9db05fe9bfc9df8d12b45f176", size = 268482, upload-time = "2025-07-31T00:19:55.183Z" },
]

[[package]]
name = "six"
version = "1.17.0"
source = { registry = "https://pypi.org/simple" }
sdist = { url = "https://files.pythonhosted.org/packages/94/e7/b2c673351809dca68a0e064b6af791aa332cf192da575fd474ed7d6f16a2/six-1.17.0.tar.gz", hash = "sha256:ff70335d468e7eb6ec65b95b99d3a2836546063f63acc5171de367e834932a81", size = 34031, upload-time = "2024-12-04T17:35:28.174Z" }
wheels = [
    { url = "https://files.pythonhosted.org/packages/b7/ce/149a00dd41f10bc29e5921b496af8b574d8413afcd5e30dfa0ed46c2cc5e/six-1.17.0-py2.py3-none-any.whl", hash = "sha256:4721f391ed90541fddacab5acf947aa0d3dc7d27b2e1e8eda2be8970586c3274", size = 11050, upload-time = "2024-12-04T17:35:26.475Z" },
]

[[package]]
name = "sqlalchemy"
version = "2.0.37"
source = { registry = "https://pypi.org/simple" }
dependencies = [
    { name = "greenlet", marker = "platform_machine == 'AMD64' or platform_machine == 'WIN32' or platform_machine == 'aarch64' or platform_machine == 'amd64' or platform_machine == 'ppc64le' or platform_machine == 'win32' or platform_machine == 'x86_64'" },
    { name = "typing-extensions" },
]
sdist = { url = "https://files.pythonhosted.org/packages/3b/20/93ea2518df4d7a14ebe9ace9ab8bb92aaf7df0072b9007644de74172b06c/sqlalchemy-2.0.37.tar.gz", hash = "sha256:12b28d99a9c14eaf4055810df1001557176716de0167b91026e648e65229bffb", size = 9626249, upload-time = "2025-01-09T22:43:25.981Z" }
wheels = [
    { url = "https://files.pythonhosted.org/packages/86/62/e5de4a5e0c4f5ceffb2b461aaa2378c0ee00642930a8c38e5b80338add0f/SQLAlchemy-2.0.37-cp312-cp312-macosx_10_13_x86_64.whl", hash = "sha256:2952748ecd67ed3b56773c185e85fc084f6bdcdec10e5032a7c25a6bc7d682ef", size = 2102692, upload-time = "2025-01-10T00:36:41.573Z" },
    { url = "https://files.pythonhosted.org/packages/01/44/3b65f4f16abeffd611da0ebab9e3aadfca45d041a78a67835c41c6d28289/SQLAlchemy-2.0.37-cp312-cp312-macosx_11_0_arm64.whl", hash = "sha256:3151822aa1db0eb5afd65ccfafebe0ef5cda3a7701a279c8d0bf17781a793bb4", size = 2093079, upload-time = "2025-01-10T00:36:44.98Z" },
    { url = "https://files.pythonhosted.org/packages/a4/d8/e3a6622e86e3ae3a41ba470d1bb095c1f2dedf6b71feae0b4b94b5951017/SQLAlchemy-2.0.37-cp312-cp312-manylinux_2_17_aarch64.manylinux2014_aarch64.whl", hash = "sha256:eaa8039b6d20137a4e02603aba37d12cd2dde7887500b8855356682fc33933f4", size = 3242509, upload-time = "2025-01-10T02:36:54.407Z" },
    { url = "https://files.pythonhosted.org/packages/3a/ef/5a53a6a60ac5a5d4ed28959317dac1ff72bc16773ccd9b3fe79713fe27f3/SQLAlchemy-2.0.37-cp312-cp312-manylinux_2_17_x86_64.manylinux2014_x86_64.whl", hash = "sha256:1cdba1f73b64530c47b27118b7053b8447e6d6f3c8104e3ac59f3d40c33aa9fd", size = 3253368, upload-time = "2025-01-10T00:56:31.416Z" },
    { url = "https://files.pythonhosted.org/packages/67/f2/30f5012379031cd5389eb06455282f926a4f99258e5ee5ccdcea27f30d67/SQLAlchemy-2.0.37-cp312-cp312-musllinux_1_2_aarch64.whl", hash = "sha256:1b2690456528a87234a75d1a1644cdb330a6926f455403c8e4f6cad6921f9098", size = 3188655, upload-time = "2025-01-10T02:36:58.732Z" },
    { url = "https://files.pythonhosted.org/packages/fe/df/905499aa051605aeda62c1faf33d941ffb7fda291159ab1c24ef5207a079/SQLAlchemy-2.0.37-cp312-cp312-musllinux_1_2_x86_64.whl", hash = "sha256:cf5ae8a9dcf657fd72144a7fd01f243236ea39e7344e579a121c4205aedf07bb", size = 3215281, upload-time = "2025-01-10T00:56:35.9Z" },
    { url = "https://files.pythonhosted.org/packages/94/54/f2769e7e356520f75016d82ca43ed85e47ba50e636a34124db4625ae5976/SQLAlchemy-2.0.37-cp312-cp312-win32.whl", hash = "sha256:ea308cec940905ba008291d93619d92edaf83232ec85fbd514dcb329f3192761", size = 2072972, upload-time = "2025-01-09T22:59:55.279Z" },
    { url = "https://files.pythonhosted.org/packages/c2/7f/241f059e0b7edb85845368f43964d6b0b41733c2f7fffaa993f8e66548a5/SQLAlchemy-2.0.37-cp312-cp312-win_amd64.whl", hash = "sha256:635d8a21577341dfe4f7fa59ec394b346da12420b86624a69e466d446de16aff", size = 2098597, upload-time = "2025-01-09T22:59:58.352Z" },
    { url = "https://files.pythonhosted.org/packages/3b/36/59cc97c365f2f79ac9f3f51446cae56dfd82c4f2dd98497e6be6de20fb91/SQLAlchemy-2.0.37-py3-none-any.whl", hash = "sha256:a8998bf9f8658bd3839cbc44ddbe982955641863da0c1efe5b00c1ab4f5c16b1", size = 1894113, upload-time = "2025-01-10T00:44:58.368Z" },
]

[[package]]
name = "tqdm"
version = "4.67.1"
source = { registry = "https://pypi.org/simple" }
dependencies = [
    { name = "colorama", marker = "sys_platform == 'win32'" },
]
sdist = { url = "https://files.pythonhosted.org/packages/a8/4b/29b4ef32e036bb34e4ab51796dd745cdba7ed47ad142a9f4a1eb8e0c744d/tqdm-4.67.1.tar.gz", hash = "sha256:f8aef9c52c08c13a65f30ea34f4e5aac3fd1a34959879d7e59e63027286627f2", size = 169737, upload-time = "2024-11-24T20:12:22.481Z" }
wheels = [
    { url = "https://files.pythonhosted.org/packages/d0/30/dc54f88dd4a2b5dc8a0279bdd7270e735851848b762aeb1c1184ed1f6b14/tqdm-4.67.1-py3-none-any.whl", hash = "sha256:26445eca388f82e72884e0d580d5464cd801a3ea01e63e5601bdff9ba6a48de2", size = 78540, upload-time = "2024-11-24T20:12:19.698Z" },
]

[[package]]
name = "typing-extensions"
version = "4.14.1"
source = { registry = "https://pypi.org/simple" }
sdist = { url = "https://files.pythonhosted.org/packages/98/5a/da40306b885cc8c09109dc2e1abd358d5684b1425678151cdaed4731c822/typing_extensions-4.14.1.tar.gz", hash = "sha256:38b39f4aeeab64884ce9f74c94263ef78f3c22467c8724005483154c26648d36", size = 107673, upload-time = "2025-07-04T13:28:34.16Z" }
wheels = [
    { url = "https://files.pythonhosted.org/packages/b5/00/d631e67a838026495268c2f6884f3711a15a9a2a96cd244fdaea53b823fb/typing_extensions-4.14.1-py3-none-any.whl", hash = "sha256:d1e1e3b58374dc93031d6eda2420a48ea44a36c2b4766a4fdeb3710755731d76", size = 43906, upload-time = "2025-07-04T13:28:32.743Z" },
]

[[package]]
name = "tzdata"
version = "2025.2"
source = { registry = "https://pypi.org/simple" }
sdist = { url = "https://files.pythonhosted.org/packages/95/32/1a225d6164441be760d75c2c42e2780dc0873fe382da3e98a2e1e48361e5/tzdata-2025.2.tar.gz", hash = "sha256:b60a638fcc0daffadf82fe0f57e53d06bdec2f36c4df66280ae79bce6bd6f2b9", size = 196380, upload-time = "2025-03-23T13:54:43.652Z" }
wheels = [
    { url = "https://files.pythonhosted.org/packages/5c/23/c7abc0ca0a1526a0774eca151daeb8de62ec457e77262b66b359c3c7679e/tzdata-2025.2-py2.py3-none-any.whl", hash = "sha256:1a403fada01ff9221ca8044d701868fa132215d84beb92242d9acd2147f667a8", size = 347839, upload-time = "2025-03-23T13:54:41.845Z" },
]
